// !$*UTF8*$!
{
	archiveVersion = 1;
	classes = {
	};
	objectVersion = 55;
	objects = {

/* Begin PBXBuildFile section */
		AD6CC675287FEE5C006DD9AB /* AppDelegate.swift in Sources */ = {isa = PBXBuildFile; fileRef = AD6CC674287FEE5C006DD9AB /* AppDelegate.swift */; };
		AD6CC677287FEE5C006DD9AB /* SceneDelegate.swift in Sources */ = {isa = PBXBuildFile; fileRef = AD6CC676287FEE5C006DD9AB /* SceneDelegate.swift */; };
		AD6CC679287FEE5C006DD9AB /* ViewController.swift in Sources */ = {isa = PBXBuildFile; fileRef = AD6CC678287FEE5C006DD9AB /* ViewController.swift */; };
		AD6CC67C287FEE5C006DD9AB /* Main.storyboard in Resources */ = {isa = PBXBuildFile; fileRef = AD6CC67A287FEE5C006DD9AB /* Main.storyboard */; };
		AD6CC67E287FEE5E006DD9AB /* Assets.xcassets in Resources */ = {isa = PBXBuildFile; fileRef = AD6CC67D287FEE5E006DD9AB /* Assets.xcassets */; };
		AD6CC681287FEE5E006DD9AB /* LaunchScreen.storyboard in Resources */ = {isa = PBXBuildFile; fileRef = AD6CC67F287FEE5E006DD9AB /* LaunchScreen.storyboard */; };
		AD7518CB287FF12600E95BCD /* CustomCollectionViewCell.swift in Sources */ = {isa = PBXBuildFile; fileRef = AD7518CA287FF12600E95BCD /* CustomCollectionViewCell.swift */; };
		AD7518CD287FF8CE00E95BCD /* ProductsModule.swift in Sources */ = {isa = PBXBuildFile; fileRef = AD7518CC287FF8CE00E95BCD /* ProductsModule.swift */; };
		AD7518CF288012CA00E95BCD /* SecondViewController.swift in Sources */ = {isa = PBXBuildFile; fileRef = AD7518CE288012CA00E95BCD /* SecondViewController.swift */; };
/* End PBXBuildFile section */

/* Begin PBXFileReference section */
		AD6CC671287FEE5C006DD9AB /* hw2month3.app */ = {isa = PBXFileReference; explicitFileType = wrapper.application; includeInIndex = 0; path = hw2month3.app; sourceTree = BUILT_PRODUCTS_DIR; };
		AD6CC674287FEE5C006DD9AB /* AppDelegate.swift */ = {isa = PBXFileReference; lastKnownFileType = sourcecode.swift; path = AppDelegate.swift; sourceTree = "<group>"; };
		AD6CC676287FEE5C006DD9AB /* SceneDelegate.swift */ = {isa = PBXFileReference; lastKnownFileType = sourcecode.swift; path = SceneDelegate.swift; sourceTree = "<group>"; };
		AD6CC678287FEE5C006DD9AB /* ViewController.swift */ = {isa = PBXFileReference; lastKnownFileType = sourcecode.swift; path = ViewController.swift; sourceTree = "<group>"; };
		AD6CC67B287FEE5C006DD9AB /* Base */ = {isa = PBXFileReference; lastKnownFileType = file.storyboard; name = Base; path = Base.lproj/Main.storyboard; sourceTree = "<group>"; };
		AD6CC67D287FEE5E006DD9AB /* Assets.xcassets */ = {isa = PBXFileReference; lastKnownFileType = folder.assetcatalog; path = Assets.xcassets; sourceTree = "<group>"; };
		AD6CC680287FEE5E006DD9AB /* Base */ = {isa = PBXFileReference; lastKnownFileType = file.storyboard; name = Base; path = Base.lproj/LaunchScreen.storyboard; sourceTree = "<group>"; };
		AD6CC682287FEE5E006DD9AB /* Info.plist */ = {isa = PBXFileReference; lastKnownFileType = text.plist.xml; path = Info.plist; sourceTree = "<group>"; };
		AD7518CA287FF12600E95BCD /* CustomCollectionViewCell.swift */ = {isa = PBXFileReference; lastKnownFileType = sourcecode.swift; path = CustomCollectionViewCell.swift; sourceTree = "<group>"; };
		AD7518CC287FF8CE00E95BCD /* ProductsModule.swift */ = {isa = PBXFileReference; lastKnownFileType = sourcecode.swift; path = ProductsModule.swift; sourceTree = "<group>"; };
		AD7518CE288012CA00E95BCD /* SecondViewController.swift */ = {isa = PBXFileReference; lastKnownFileType = sourcecode.swift; path = SecondViewController.swift; sourceTree = "<group>"; };
/* End PBXFileReference section */

/* Begin PBXFrameworksBuildPhase section */
		AD6CC66E287FEE5C006DD9AB /* Frameworks */ = {
			isa = PBXFrameworksBuildPhase;
			buildActionMask = 2147483647;
			files = (
			);
			runOnlyForDeploymentPostprocessing = 0;
		};
/* End PBXFrameworksBuildPhase section */

/* Begin PBXGroup section */
		AD6CC668287FEE5C006DD9AB = {
			isa = PBXGroup;
			children = (
				AD6CC673287FEE5C006DD9AB /* hw2month3 */,
				AD6CC672287FEE5C006DD9AB /* Products */,
			);
			sourceTree = "<group>";
		};
		AD6CC672287FEE5C006DD9AB /* Products */ = {
			isa = PBXGroup;
			children = (
				AD6CC671287FEE5C006DD9AB /* hw2month3.app */,
			);
			name = Products;
			sourceTree = "<group>";
		};
		AD6CC673287FEE5C006DD9AB /* hw2month3 */ = {
			isa = PBXGroup;
			children = (
				AD6CC674287FEE5C006DD9AB /* AppDelegate.swift */,
				AD6CC676287FEE5C006DD9AB /* SceneDelegate.swift */,
				AD6CC678287FEE5C006DD9AB /* ViewController.swift */,
				AD6CC67A287FEE5C006DD9AB /* Main.storyboard */,
				AD6CC67D287FEE5E006DD9AB /* Assets.xcassets */,
				AD6CC67F287FEE5E006DD9AB /* LaunchScreen.storyboard */,
				AD6CC682287FEE5E006DD9AB /* Info.plist */,
				AD7518CA287FF12600E95BCD /* CustomCollectionViewCell.swift */,
				AD7518CC287FF8CE00E95BCD /* ProductsModule.swift */,
				AD7518CE288012CA00E95BCD /* SecondViewController.swift */,
			);
			path = hw2month3;
			sourceTree = "<group>";
		};
/* End PBXGroup section */

/* Begin PBXNativeTarget section */
		AD6CC670287FEE5C006DD9AB /* hw2month3 */ = {
			isa = PBXNativeTarget;
			buildConfigurationList = AD6CC685287FEE5E006DD9AB /* Build configuration list for PBXNativeTarget "hw2month3" */;
			buildPhases = (
				AD6CC66D287FEE5C006DD9AB /* Sources */,
				AD6CC66E287FEE5C006DD9AB /* Frameworks */,
				AD6CC66F287FEE5C006DD9AB /* Resources */,
			);
			buildRules = (
			);
			dependencies = (
			);
			name = hw2month3;
			productName = hw2month3;
			productReference = AD6CC671287FEE5C006DD9AB /* hw2month3.app */;
			productType = "com.apple.product-type.application";
		};
/* End PBXNativeTarget section */

/* Begin PBXProject section */
		AD6CC669287FEE5C006DD9AB /* Project object */ = {
			isa = PBXProject;
			attributes = {
				BuildIndependentTargetsInParallel = 1;
				LastSwiftUpdateCheck = 1340;
				LastUpgradeCheck = 1340;
				TargetAttributes = {
					AD6CC670287FEE5C006DD9AB = {
						CreatedOnToolsVersion = 13.4.1;
					};
				};
			};
			buildConfigurationList = AD6CC66C287FEE5C006DD9AB /* Build configuration list for PBXProject "hw2month3" */;
			compatibilityVersion = "Xcode 13.0";
			developmentRegion = en;
			hasScannedForEncodings = 0;
			knownRegions = (
				en,
				Base,
			);
			mainGroup = AD6CC668287FEE5C006DD9AB;
			productRefGroup = AD6CC672287FEE5C006DD9AB /* Products */;
			projectDirPath = "";
			projectRoot = "";
			targets = (
				AD6CC670287FEE5C006DD9AB /* hw2month3 */,
			);
		};
/* End PBXProject section */

/* Begin PBXResourcesBuildPhase section */
		AD6CC66F287FEE5C006DD9AB /* Resources */ = {
			isa = PBXResourcesBuildPhase;
			buildActionMask = 2147483647;
			files = (
				AD6CC681287FEE5E006DD9AB /* LaunchScreen.storyboard in Resources */,
				AD6CC67E287FEE5E006DD9AB /* Assets.xcassets in Resources */,
				AD6CC67C287FEE5C006DD9AB /* Main.storyboard in Resources */,
			);
			runOnlyForDeploymentPostprocessing = 0;
		};
/* End PBXResourcesBuildPhase section */

/* Begin PBXSourcesBuildPhase section */
		AD6CC66D287FEE5C006DD9AB /* Sources */ = {
			isa = PBXSourcesBuildPhase;
			buildActionMask = 2147483647;
			files = (
				AD7518CF288012CA00E95BCD /* SecondViewController.swift in Sources */,
				AD6CC679287FEE5C006DD9AB /* ViewController.swift in Sources */,
				AD6CC675287FEE5C006DD9AB /* AppDelegate.swift in Sources */,
				AD6CC677287FEE5C006DD9AB /* SceneDelegate.swift in Sources */,
				AD7518CB287FF12600E95BCD /* CustomCollectionViewCell.swift in Sources */,
				AD7518CD287FF8CE00E95BCD /* ProductsModule.swift in Sources */,
			);
			runOnlyForDeploymentPostprocessing = 0;
		};
/* End PBXSourcesBuildPhase section */

/* Begin PBXVariantGroup section */
		AD6CC67A287FEE5C006DD9AB /* Main.storyboard */ = {
			isa = PBXVariantGroup;
			children = (
				AD6CC67B287FEE5C006DD9AB /* Base */,
			);
			name = Main.storyboard;
			sourceTree = "<group>";
		};
		AD6CC67F287FEE5E006DD9AB /* LaunchScreen.storyboard */ = {
			isa = PBXVariantGroup;
			children = (
				AD6CC680287FEE5E006DD9AB /* Base */,
			);
			name = LaunchScreen.storyboard;
			sourceTree = "<group>";
		};
/* End PBXVariantGroup section */

/* Begin XCBuildConfiguration section */
		AD6CC683287FEE5E006DD9AB /* Debug */ = {
			isa = XCBuildConfiguration;
			buildSettings = {
				ALWAYS_SEARCH_USER_PATHS = NO;
				CLANG_ANALYZER_NONNULL = YES;
				CLANG_ANALYZER_NUMBER_OBJECT_CONVERSION = YES_AGGRESSIVE;
				CLANG_CXX_LANGUAGE_STANDARD = "gnu++17";
				CLANG_ENABLE_MODULES = YES;
				CLANG_ENABLE_OBJC_ARC = YES;
				CLANG_ENABLE_OBJC_WEAK = YES;
				CLANG_WARN_BLOCK_CAPTURE_AUTORELEASING = YES;
				CLANG_WARN_BOOL_CONVERSION = YES;
				CLANG_WARN_COMMA = YES;
				CLANG_WARN_CONSTANT_CONVERSION = YES;
				CLANG_WARN_DEPRECATED_OBJC_IMPLEMENTATIONS = YES;
				CLANG_WARN_DIRECT_OBJC_ISA_USAGE = YES_ERROR;
				CLANG_WARN_DOCUMENTATION_COMMENTS = YES;
				CLANG_WARN_EMPTY_BODY = YES;
				CLANG_WARN_ENUM_CONVERSION = YES;
				CLANG_WARN_INFINITE_RECURSION = YES;
				CLANG_WARN_INT_CONVERSION = YES;
				CLANG_WARN_NON_LITERAL_NULL_CONVERSION = YES;
				CLANG_WARN_OBJC_IMPLICIT_RETAIN_SELF = YES;
				CLANG_WARN_OBJC_LITERAL_CONVERSION = YES;
				CLANG_WARN_OBJC_ROOT_CLASS = YES_ERROR;
				CLANG_WARN_QUOTED_INCLUDE_IN_FRAMEWORK_HEADER = YES;
				CLANG_WARN_RANGE_LOOP_ANALYSIS = YES;
				CLANG_WARN_STRICT_PROTOTYPES = YES;
				CLANG_WARN_SUSPICIOUS_MOVE = YES;
				CLANG_WARN_UNGUARDED_AVAILABILITY = YES_AGGRESSIVE;
				CLANG_WARN_UNREACHABLE_CODE = YES;
				CLANG_WARN__DUPLICATE_METHOD_MATCH = YES;
				COPY_PHASE_STRIP = NO;
				DEBUG_INFORMATION_FORMAT = dwarf;
				ENABLE_STRICT_OBJC_MSGSEND = YES;
				ENABLE_TESTABILITY = YES;
				GCC_C_LANGUAGE_STANDARD = gnu11;
				GCC_DYNAMIC_NO_PIC = NO;
				GCC_NO_COMMON_BLOCKS = YES;
				GCC_OPTIMIZATION_LEVEL = 0;
				GCC_PREPROCESSOR_DEFINITIONS = (
					"DEBUG=1",
					"$(inherited)",
				);
				GCC_WARN_64_TO_32_BIT_CONVERSION = YES;
				GCC_WARN_ABOUT_RETURN_TYPE = YES_ERROR;
				GCC_WARN_UNDECLARED_SELECTOR = YES;
				GCC_WARN_UNINITIALIZED_AUTOS = YES_AGGRESSIVE;
				GCC_WARN_UNUSED_FUNCTION = YES;
				GCC_WARN_UNUSED_VARIABLE = YES;
				IPHONEOS_DEPLOYMENT_TARGET = 15.5;
				MTL_ENABLE_DEBUG_INFO = INCLUDE_SOURCE;
				MTL_FAST_MATH = YES;
				ONLY_ACTIVE_ARCH = YES;
				SDKROOT = iphoneos;
				SWIFT_ACTIVE_COMPILATION_CONDITIONS = DEBUG;
				SWIFT_OPTIMIZATION_LEVEL = "-Onone";
			};
			name = Debug;
		};
		AD6CC684287FEE5E006DD9AB /* Release */ = {
			isa = XCBuildConfiguration;
			buildSettings = {
				ALWAYS_SEARCH_USER_PATHS = NO;
				CLANG_ANALYZER_NONNULL = YES;
				CLANG_ANALYZER_NUMBER_OBJECT_CONVERSION = YES_AGGRESSIVE;
				CLANG_CXX_LANGUAGE_STANDARD = "gnu++17";
				CLANG_ENABLE_MODULES = YES;
				CLANG_ENABLE_OBJC_ARC = YES;
				CLANG_ENABLE_OBJC_WEAK = YES;
				CLANG_WARN_BLOCK_CAPTURE_AUTORELEASING = YES;
				CLANG_WARN_BOOL_CONVERSION = YES;
				CLANG_WARN_COMMA = YES;
				CLANG_WARN_CONSTANT_CONVERSION = YES;
				CLANG_WARN_DEPRECATED_OBJC_IMPLEMENTATIONS = YES;
				CLANG_WARN_DIRECT_OBJC_ISA_USAGE = YES_ERROR;
				CLANG_WARN_DOCUMENTATION_COMMENTS = YES;
				CLANG_WARN_EMPTY_BODY = YES;
				CLANG_WARN_ENUM_CONVERSION = YES;
				CLANG_WARN_INFINITE_RECURSION = YES;
				CLANG_WARN_INT_CONVERSION = YES;
				CLANG_WARN_NON_LITERAL_NULL_CONVERSION = YES;
				CLANG_WARN_OBJC_IMPLICIT_RETAIN_SELF = YES;
				CLANG_WARN_OBJC_LITERAL_CONVERSION = YES;
				CLANG_WARN_OBJC_ROOT_CLASS = YES_ERROR;
				CLANG_WARN_QUOTED_INCLUDE_IN_FRAMEWORK_HEADER = YES;
				CLANG_WARN_RANGE_LOOP_ANALYSIS = YES;
				CLANG_WARN_STRICT_PROTOTYPES = YES;
				CLANG_WARN_SUSPICIOUS_MOVE = YES;
				CLANG_WARN_UNGUARDED_AVAILABILITY = YES_AGGRESSIVE;
				CLANG_WARN_UNREACHABLE_CODE = YES;
				CLANG_WARN__DUPLICATE_METHOD_MATCH = YES;
				COPY_PHASE_STRIP = NO;
				DEBUG_INFORMATION_FORMAT = "dwarf-with-dsym";
				ENABLE_NS_ASSERTIONS = NO;
				ENABLE_STRICT_OBJC_MSGSEND = YES;
				GCC_C_LANGUAGE_STANDARD = gnu11;
				GCC_NO_COMMON_BLOCKS = YES;
				GCC_WARN_64_TO_32_BIT_CONVERSION = YES;
				GCC_WARN_ABOUT_RETURN_TYPE = YES_ERROR;
				GCC_WARN_UNDECLARED_SELECTOR = YES;
				GCC_WARN_UNINITIALIZED_AUTOS = YES_AGGRESSIVE;
				GCC_WARN_UNUSED_FUNCTION = YES;
				GCC_WARN_UNUSED_VARIABLE = YES;
				IPHONEOS_DEPLOYMENT_TARGET = 15.5;
				MTL_ENABLE_DEBUG_INFO = NO;
				MTL_FAST_MATH = YES;
				SDKROOT = iphoneos;
				SWIFT_COMPILATION_MODE = wholemodule;
				SWIFT_OPTIMIZATION_LEVEL = "-O";
				VALIDATE_PRODUCT = YES;
			};
			name = Release;
		};
		AD6CC686287FEE5E006DD9AB /* Debug */ = {
			isa = XCBuildConfiguration;
			buildSettings = {
				ASSETCATALOG_COMPILER_APPICON_NAME = AppIcon;
				ASSETCATALOG_COMPILER_GLOBAL_ACCENT_COLOR_NAME = AccentColor;
				CODE_SIGN_STYLE = Automatic;
				CURRENT_PROJECT_VERSION = 1;
				DEVELOPMENT_TEAM = C2KZ9FWN67;
				GENERATE_INFOPLIST_FILE = YES;
				INFOPLIST_FILE = hw2month3/Info.plist;
				INFOPLIST_KEY_UIApplicationSupportsIndirectInputEvents = YES;
				INFOPLIST_KEY_UILaunchStoryboardName = LaunchScreen;
				INFOPLIST_KEY_UIMainStoryboardFile = Main;
				INFOPLIST_KEY_UISupportedInterfaceOrientations_iPad = "UIInterfaceOrientationPortrait UIInterfaceOrientationPortraitUpsideDown UIInterfaceOrientationLandscapeLeft UIInterfaceOrientationLandscapeRight";
				INFOPLIST_KEY_UISupportedInterfaceOrientations_iPhone = "UIInterfaceOrientationPortrait UIInterfaceOrientationLandscapeLeft UIInterfaceOrientationLandscapeRight";
				LD_RUNPATH_SEARCH_PATHS = (
					"$(inherited)",
					"@executable_path/Frameworks",
				);
				MARKETING_VERSION = 1.0;
				PRODUCT_BUNDLE_IDENTIFIER = com.alexandr.hw2month3;
				PRODUCT_NAME = "$(TARGET_NAME)";
				SWIFT_EMIT_LOC_STRINGS = YES;
				SWIFT_VERSION = 5.0;
				TARGETED_DEVICE_FAMILY = "1,2";
			};
			name = Debug;
		};
		AD6CC687287FEE5E006DD9AB /* Release */ = {
			isa = XCBuildConfiguration;
			buildSettings = {
				ASSETCATALOG_COMPILER_APPICON_NAME = AppIcon;
				ASSETCATALOG_COMPILER_GLOBAL_ACCENT_COLOR_NAME = AccentColor;
				CODE_SIGN_STYLE = Automatic;
				CURRENT_PROJECT_VERSION = 1;
				DEVELOPMENT_TEAM = C2KZ9FWN67;
				GENERATE_INFOPLIST_FILE = YES;
				INFOPLIST_FILE = hw2month3/Info.plist;
				INFOPLIST_KEY_UIApplicationSupportsIndirectInputEvents = YES;
				INFOPLIST_KEY_UILaunchStoryboardName = LaunchScreen;
				INFOPLIST_KEY_UIMainStoryboardFile = Main;
				INFOPLIST_KEY_UISupportedInterfaceOrientations_iPad = "UIInterfaceOrientationPortrait UIInterfaceOrientationPortraitUpsideDown UIInterfaceOrientationLandscapeLeft UIInterfaceOrientationLandscapeRight";
				INFOPLIST_KEY_UISupportedInterfaceOrientations_iPhone = "UIInterfaceOrientationPortrait UIInterfaceOrientationLandscapeLeft UIInterfaceOrientationLandscapeRight";
				LD_RUNPATH_SEARCH_PATHS = (
					"$(inherited)",
					"@executable_path/Frameworks",
				);
				MARKETING_VERSION = 1.0;
				PRODUCT_BUNDLE_IDENTIFIER = com.alexandr.hw2month3;
				PRODUCT_NAME = "$(TARGET_NAME)";
				SWIFT_EMIT_LOC_STRINGS = YES;
				SWIFT_VERSION = 5.0;
				TARGETED_DEVICE_FAMILY = "1,2";
			};
			name = Release;
		};
/* End XCBuildConfiguration section */

/* Begin XCConfigurationList section */
		AD6CC66C287FEE5C006DD9AB /* Build configuration list for PBXProject "hw2month3" */ = {
			isa = XCConfigurationList;
			buildConfigurations = (
				AD6CC683287FEE5E006DD9AB /* Debug */,
				AD6CC684287FEE5E006DD9AB /* Release */,
			);
			defaultConfigurationIsVisible = 0;
			defaultConfigurationName = Release;
		};
		AD6CC685287FEE5E006DD9AB /* Build configuration list for PBXNativeTarget "hw2month3" */ = {
			isa = XCConfigurationList;
			buildConfigurations = (
				AD6CC686287FEE5E006DD9AB /* Debug */,
				AD6CC687287FEE5E006DD9AB /* Release */,
			);
			defaultConfigurationIsVisible = 0;
			defaultConfigurationName = Release;
		};
/* End XCConfigurationList section */
	};
	rootObject = AD6CC669287FEE5C006DD9AB /* Project object */;
}
